// !$*UTF8*$!
{
	archiveVersion = 1;
	classes = {
	};
	objectVersion = 46;
	objects = {

/* Begin PBXBuildFile section */
		498838AE9CFA255EE9C99F47 /* Pods_ArcGISRuntimeRDTests.framework in Frameworks */ = {isa = PBXBuildFile; fileRef = 76BBDF3034417AE0126C361E /* Pods_ArcGISRuntimeRDTests.framework */; };
		4B2A6E714F0005B9C4E301FF /* Pods_ArcGISRuntimeRDUITests.framework in Frameworks */ = {isa = PBXBuildFile; fileRef = 2F754C4BF731E2BDC43CE442 /* Pods_ArcGISRuntimeRDUITests.framework */; };
		5F54E659CA1CADF86BB02FE5 /* Pods_ArcGISRuntimeRD.framework in Frameworks */ = {isa = PBXBuildFile; fileRef = 79887C8F9077B4515E60F964 /* Pods_ArcGISRuntimeRD.framework */; };
		6B1BF7B91EBD18FA009E3888 /* ArcGIS.bundle in Resources */ = {isa = PBXBuildFile; fileRef = 6B1BF7B81EBD18FA009E3888 /* ArcGIS.bundle */; };
		6B4D1FE21EBD0F130074E430 /* AppDelegate.swift in Sources */ = {isa = PBXBuildFile; fileRef = 6B4D1FE11EBD0F130074E430 /* AppDelegate.swift */; };
		6B4D1FE41EBD0F130074E430 /* ViewController.swift in Sources */ = {isa = PBXBuildFile; fileRef = 6B4D1FE31EBD0F130074E430 /* ViewController.swift */; };
		6B4D1FE71EBD0F130074E430 /* Main.storyboard in Resources */ = {isa = PBXBuildFile; fileRef = 6B4D1FE51EBD0F130074E430 /* Main.storyboard */; };
		6B4D1FE91EBD0F130074E430 /* Assets.xcassets in Resources */ = {isa = PBXBuildFile; fileRef = 6B4D1FE81EBD0F130074E430 /* Assets.xcassets */; };
		6B4D1FEC1EBD0F130074E430 /* LaunchScreen.storyboard in Resources */ = {isa = PBXBuildFile; fileRef = 6B4D1FEA1EBD0F130074E430 /* LaunchScreen.storyboard */; };
		6B4D1FF71EBD0F140074E430 /* ArcGISRuntimeRDTests.swift in Sources */ = {isa = PBXBuildFile; fileRef = 6B4D1FF61EBD0F140074E430 /* ArcGISRuntimeRDTests.swift */; };
		6B4D20021EBD0F140074E430 /* ArcGISRuntimeRDUITests.swift in Sources */ = {isa = PBXBuildFile; fileRef = 6B4D20011EBD0F140074E430 /* ArcGISRuntimeRDUITests.swift */; };
/* End PBXBuildFile section */

/* Begin PBXContainerItemProxy section */
		6B4D1FF31EBD0F140074E430 /* PBXContainerItemProxy */ = {
			isa = PBXContainerItemProxy;
			containerPortal = 6B4D1FD61EBD0F120074E430 /* Project object */;
			proxyType = 1;
			remoteGlobalIDString = 6B4D1FDD1EBD0F120074E430;
			remoteInfo = ArcGISRuntimeRD;
		};
		6B4D1FFE1EBD0F140074E430 /* PBXContainerItemProxy */ = {
			isa = PBXContainerItemProxy;
			containerPortal = 6B4D1FD61EBD0F120074E430 /* Project object */;
			proxyType = 1;
			remoteGlobalIDString = 6B4D1FDD1EBD0F120074E430;
			remoteInfo = ArcGISRuntimeRD;
		};
/* End PBXContainerItemProxy section */

/* Begin PBXFileReference section */
		0F8B948B5A19FF18D5E93CF6 /* Pods-ArcGISRuntimeRD.release.xcconfig */ = {isa = PBXFileReference; includeInIndex = 1; lastKnownFileType = text.xcconfig; name = "Pods-ArcGISRuntimeRD.release.xcconfig"; path = "Pods/Target Support Files/Pods-ArcGISRuntimeRD/Pods-ArcGISRuntimeRD.release.xcconfig"; sourceTree = "<group>"; };
		2F754C4BF731E2BDC43CE442 /* Pods_ArcGISRuntimeRDUITests.framework */ = {isa = PBXFileReference; explicitFileType = wrapper.framework; includeInIndex = 0; path = Pods_ArcGISRuntimeRDUITests.framework; sourceTree = BUILT_PRODUCTS_DIR; };
		3ACFB87A5EDB78847410BC97 /* Pods-ArcGISRuntimeRDTests.debug.xcconfig */ = {isa = PBXFileReference; includeInIndex = 1; lastKnownFileType = text.xcconfig; name = "Pods-ArcGISRuntimeRDTests.debug.xcconfig"; path = "Pods/Target Support Files/Pods-ArcGISRuntimeRDTests/Pods-ArcGISRuntimeRDTests.debug.xcconfig"; sourceTree = "<group>"; };
		6B1BF7B81EBD18FA009E3888 /* ArcGIS.bundle */ = {isa = PBXFileReference; lastKnownFileType = "wrapper.plug-in"; name = ArcGIS.bundle; path = "Pods/ArcGIS-Runtime-SDK-iOS/ArcGIS.framework/Versions/Current/Resources/ArcGIS.bundle"; sourceTree = "<group>"; };
		6B4D1FDE1EBD0F130074E430 /* ArcGISRuntimeRD.app */ = {isa = PBXFileReference; explicitFileType = wrapper.application; includeInIndex = 0; path = ArcGISRuntimeRD.app; sourceTree = BUILT_PRODUCTS_DIR; };
		6B4D1FE11EBD0F130074E430 /* AppDelegate.swift */ = {isa = PBXFileReference; lastKnownFileType = sourcecode.swift; path = AppDelegate.swift; sourceTree = "<group>"; };
		6B4D1FE31EBD0F130074E430 /* ViewController.swift */ = {isa = PBXFileReference; lastKnownFileType = sourcecode.swift; path = ViewController.swift; sourceTree = "<group>"; };
		6B4D1FE61EBD0F130074E430 /* Base */ = {isa = PBXFileReference; lastKnownFileType = file.storyboard; name = Base; path = Base.lproj/Main.storyboard; sourceTree = "<group>"; };
		6B4D1FE81EBD0F130074E430 /* Assets.xcassets */ = {isa = PBXFileReference; lastKnownFileType = folder.assetcatalog; path = Assets.xcassets; sourceTree = "<group>"; };
		6B4D1FEB1EBD0F130074E430 /* Base */ = {isa = PBXFileReference; lastKnownFileType = file.storyboard; name = Base; path = Base.lproj/LaunchScreen.storyboard; sourceTree = "<group>"; };
		6B4D1FED1EBD0F140074E430 /* Info.plist */ = {isa = PBXFileReference; lastKnownFileType = text.plist.xml; path = Info.plist; sourceTree = "<group>"; };
		6B4D1FF21EBD0F140074E430 /* ArcGISRuntimeRDTests.xctest */ = {isa = PBXFileReference; explicitFileType = wrapper.cfbundle; includeInIndex = 0; path = ArcGISRuntimeRDTests.xctest; sourceTree = BUILT_PRODUCTS_DIR; };
		6B4D1FF61EBD0F140074E430 /* ArcGISRuntimeRDTests.swift */ = {isa = PBXFileReference; lastKnownFileType = sourcecode.swift; path = ArcGISRuntimeRDTests.swift; sourceTree = "<group>"; };
		6B4D1FF81EBD0F140074E430 /* Info.plist */ = {isa = PBXFileReference; lastKnownFileType = text.plist.xml; path = Info.plist; sourceTree = "<group>"; };
		6B4D1FFD1EBD0F140074E430 /* ArcGISRuntimeRDUITests.xctest */ = {isa = PBXFileReference; explicitFileType = wrapper.cfbundle; includeInIndex = 0; path = ArcGISRuntimeRDUITests.xctest; sourceTree = BUILT_PRODUCTS_DIR; };
		6B4D20011EBD0F140074E430 /* ArcGISRuntimeRDUITests.swift */ = {isa = PBXFileReference; lastKnownFileType = sourcecode.swift; path = ArcGISRuntimeRDUITests.swift; sourceTree = "<group>"; };
		6B4D20031EBD0F140074E430 /* Info.plist */ = {isa = PBXFileReference; lastKnownFileType = text.plist.xml; path = Info.plist; sourceTree = "<group>"; };
		76BBDF3034417AE0126C361E /* Pods_ArcGISRuntimeRDTests.framework */ = {isa = PBXFileReference; explicitFileType = wrapper.framework; includeInIndex = 0; path = Pods_ArcGISRuntimeRDTests.framework; sourceTree = BUILT_PRODUCTS_DIR; };
		77182BDA98F7B6D7449CE40D /* Pods-ArcGISRuntimeRDTests.release.xcconfig */ = {isa = PBXFileReference; includeInIndex = 1; lastKnownFileType = text.xcconfig; name = "Pods-ArcGISRuntimeRDTests.release.xcconfig"; path = "Pods/Target Support Files/Pods-ArcGISRuntimeRDTests/Pods-ArcGISRuntimeRDTests.release.xcconfig"; sourceTree = "<group>"; };
		79887C8F9077B4515E60F964 /* Pods_ArcGISRuntimeRD.framework */ = {isa = PBXFileReference; explicitFileType = wrapper.framework; includeInIndex = 0; path = Pods_ArcGISRuntimeRD.framework; sourceTree = BUILT_PRODUCTS_DIR; };
		9FE9A633F3FF854890EB77CE /* Pods-ArcGISRuntimeRD.debug.xcconfig */ = {isa = PBXFileReference; includeInIndex = 1; lastKnownFileType = text.xcconfig; name = "Pods-ArcGISRuntimeRD.debug.xcconfig"; path = "Pods/Target Support Files/Pods-ArcGISRuntimeRD/Pods-ArcGISRuntimeRD.debug.xcconfig"; sourceTree = "<group>"; };
		C05715C6B6FFEF2795FFF42D /* Pods-ArcGISRuntimeRDUITests.debug.xcconfig */ = {isa = PBXFileReference; includeInIndex = 1; lastKnownFileType = text.xcconfig; name = "Pods-ArcGISRuntimeRDUITests.debug.xcconfig"; path = "Pods/Target Support Files/Pods-ArcGISRuntimeRDUITests/Pods-ArcGISRuntimeRDUITests.debug.xcconfig"; sourceTree = "<group>"; };
		ECADF9E40BBE93CFAC4F7F15 /* Pods-ArcGISRuntimeRDUITests.release.xcconfig */ = {isa = PBXFileReference; includeInIndex = 1; lastKnownFileType = text.xcconfig; name = "Pods-ArcGISRuntimeRDUITests.release.xcconfig"; path = "Pods/Target Support Files/Pods-ArcGISRuntimeRDUITests/Pods-ArcGISRuntimeRDUITests.release.xcconfig"; sourceTree = "<group>"; };
/* End PBXFileReference section */

/* Begin PBXFrameworksBuildPhase section */
		6B4D1FDB1EBD0F120074E430 /* Frameworks */ = {
			isa = PBXFrameworksBuildPhase;
			buildActionMask = 2147483647;
			files = (
				5F54E659CA1CADF86BB02FE5 /* Pods_ArcGISRuntimeRD.framework in Frameworks */,
			);
			runOnlyForDeploymentPostprocessing = 0;
		};
		6B4D1FEF1EBD0F140074E430 /* Frameworks */ = {
			isa = PBXFrameworksBuildPhase;
			buildActionMask = 2147483647;
			files = (
				498838AE9CFA255EE9C99F47 /* Pods_ArcGISRuntimeRDTests.framework in Frameworks */,
			);
			runOnlyForDeploymentPostprocessing = 0;
		};
		6B4D1FFA1EBD0F140074E430 /* Frameworks */ = {
			isa = PBXFrameworksBuildPhase;
			buildActionMask = 2147483647;
			files = (
				4B2A6E714F0005B9C4E301FF /* Pods_ArcGISRuntimeRDUITests.framework in Frameworks */,
			);
			runOnlyForDeploymentPostprocessing = 0;
		};
/* End PBXFrameworksBuildPhase section */

/* Begin PBXGroup section */
		6B4D1FD51EBD0F120074E430 = {
			isa = PBXGroup;
			children = (
				6B4D1FE01EBD0F130074E430 /* ArcGISRuntimeRD */,
				6B4D1FF51EBD0F140074E430 /* ArcGISRuntimeRDTests */,
				6B4D20001EBD0F140074E430 /* ArcGISRuntimeRDUITests */,
				6B4D1FDF1EBD0F130074E430 /* Products */,
				6B1BF7B81EBD18FA009E3888 /* ArcGIS.bundle */,
				E50DA24728432A173724EF1C /* Pods */,
				FD0F3C6F21A4E619A7638026 /* Frameworks */,
			);
			sourceTree = "<group>";
		};
		6B4D1FDF1EBD0F130074E430 /* Products */ = {
			isa = PBXGroup;
			children = (
				6B4D1FDE1EBD0F130074E430 /* ArcGISRuntimeRD.app */,
				6B4D1FF21EBD0F140074E430 /* ArcGISRuntimeRDTests.xctest */,
				6B4D1FFD1EBD0F140074E430 /* ArcGISRuntimeRDUITests.xctest */,
			);
			name = Products;
			sourceTree = "<group>";
		};
		6B4D1FE01EBD0F130074E430 /* ArcGISRuntimeRD */ = {
			isa = PBXGroup;
			children = (
				6B4D1FE11EBD0F130074E430 /* AppDelegate.swift */,
				6B4D1FE31EBD0F130074E430 /* ViewController.swift */,
				6B4D1FE51EBD0F130074E430 /* Main.storyboard */,
				6B4D1FE81EBD0F130074E430 /* Assets.xcassets */,
				6B4D1FEA1EBD0F130074E430 /* LaunchScreen.storyboard */,
				6B4D1FED1EBD0F140074E430 /* Info.plist */,
			);
			path = ArcGISRuntimeRD;
			sourceTree = "<group>";
		};
		6B4D1FF51EBD0F140074E430 /* ArcGISRuntimeRDTests */ = {
			isa = PBXGroup;
			children = (
				6B4D1FF61EBD0F140074E430 /* ArcGISRuntimeRDTests.swift */,
				6B4D1FF81EBD0F140074E430 /* Info.plist */,
			);
			path = ArcGISRuntimeRDTests;
			sourceTree = "<group>";
		};
		6B4D20001EBD0F140074E430 /* ArcGISRuntimeRDUITests */ = {
			isa = PBXGroup;
			children = (
				6B4D20011EBD0F140074E430 /* ArcGISRuntimeRDUITests.swift */,
				6B4D20031EBD0F140074E430 /* Info.plist */,
			);
			path = ArcGISRuntimeRDUITests;
			sourceTree = "<group>";
		};
		E50DA24728432A173724EF1C /* Pods */ = {
			isa = PBXGroup;
			children = (
				9FE9A633F3FF854890EB77CE /* Pods-ArcGISRuntimeRD.debug.xcconfig */,
				0F8B948B5A19FF18D5E93CF6 /* Pods-ArcGISRuntimeRD.release.xcconfig */,
				3ACFB87A5EDB78847410BC97 /* Pods-ArcGISRuntimeRDTests.debug.xcconfig */,
				77182BDA98F7B6D7449CE40D /* Pods-ArcGISRuntimeRDTests.release.xcconfig */,
				C05715C6B6FFEF2795FFF42D /* Pods-ArcGISRuntimeRDUITests.debug.xcconfig */,
				ECADF9E40BBE93CFAC4F7F15 /* Pods-ArcGISRuntimeRDUITests.release.xcconfig */,
			);
			name = Pods;
			sourceTree = "<group>";
		};
		FD0F3C6F21A4E619A7638026 /* Frameworks */ = {
			isa = PBXGroup;
			children = (
				79887C8F9077B4515E60F964 /* Pods_ArcGISRuntimeRD.framework */,
				76BBDF3034417AE0126C361E /* Pods_ArcGISRuntimeRDTests.framework */,
				2F754C4BF731E2BDC43CE442 /* Pods_ArcGISRuntimeRDUITests.framework */,
			);
			name = Frameworks;
			sourceTree = "<group>";
		};
/* End PBXGroup section */

/* Begin PBXNativeTarget section */
		6B4D1FDD1EBD0F120074E430 /* ArcGISRuntimeRD */ = {
			isa = PBXNativeTarget;
			buildConfigurationList = 6B4D20061EBD0F140074E430 /* Build configuration list for PBXNativeTarget "ArcGISRuntimeRD" */;
			buildPhases = (
				DBBA718C1BBB7B78F90911E3 /* [CP] Check Pods Manifest.lock */,
				6B4D1FDA1EBD0F120074E430 /* Sources */,
				6B4D1FDB1EBD0F120074E430 /* Frameworks */,
				6B4D1FDC1EBD0F120074E430 /* Resources */,
				18697210351B880C663422D0 /* [CP] Embed Pods Frameworks */,
				03459F690353B767B5A2AA63 /* [CP] Copy Pods Resources */,
			);
			buildRules = (
			);
			dependencies = (
			);
			name = ArcGISRuntimeRD;
			productName = ArcGISRuntimeRD;
			productReference = 6B4D1FDE1EBD0F130074E430 /* ArcGISRuntimeRD.app */;
			productType = "com.apple.product-type.application";
		};
		6B4D1FF11EBD0F140074E430 /* ArcGISRuntimeRDTests */ = {
			isa = PBXNativeTarget;
			buildConfigurationList = 6B4D20091EBD0F140074E430 /* Build configuration list for PBXNativeTarget "ArcGISRuntimeRDTests" */;
			buildPhases = (
				81F281B2F485A6CD003E95CF /* [CP] Check Pods Manifest.lock */,
				6B4D1FEE1EBD0F140074E430 /* Sources */,
				6B4D1FEF1EBD0F140074E430 /* Frameworks */,
				6B4D1FF01EBD0F140074E430 /* Resources */,
				690DE3164DE2441DCFE83E9E /* [CP] Embed Pods Frameworks */,
				C452B8860482C5711E34B995 /* [CP] Copy Pods Resources */,
			);
			buildRules = (
			);
			dependencies = (
				6B4D1FF41EBD0F140074E430 /* PBXTargetDependency */,
			);
			name = ArcGISRuntimeRDTests;
			productName = ArcGISRuntimeRDTests;
			productReference = 6B4D1FF21EBD0F140074E430 /* ArcGISRuntimeRDTests.xctest */;
			productType = "com.apple.product-type.bundle.unit-test";
		};
		6B4D1FFC1EBD0F140074E430 /* ArcGISRuntimeRDUITests */ = {
			isa = PBXNativeTarget;
			buildConfigurationList = 6B4D200C1EBD0F140074E430 /* Build configuration list for PBXNativeTarget "ArcGISRuntimeRDUITests" */;
			buildPhases = (
				ABE14E2D6687C4E091465D43 /* [CP] Check Pods Manifest.lock */,
				6B4D1FF91EBD0F140074E430 /* Sources */,
				6B4D1FFA1EBD0F140074E430 /* Frameworks */,
				6B4D1FFB1EBD0F140074E430 /* Resources */,
				940B6776ECC3B0580BE132F6 /* [CP] Embed Pods Frameworks */,
				72C3B3516C323EBB0B2AF672 /* [CP] Copy Pods Resources */,
			);
			buildRules = (
			);
			dependencies = (
				6B4D1FFF1EBD0F140074E430 /* PBXTargetDependency */,
			);
			name = ArcGISRuntimeRDUITests;
			productName = ArcGISRuntimeRDUITests;
			productReference = 6B4D1FFD1EBD0F140074E430 /* ArcGISRuntimeRDUITests.xctest */;
			productType = "com.apple.product-type.bundle.ui-testing";
		};
/* End PBXNativeTarget section */

/* Begin PBXProject section */
		6B4D1FD61EBD0F120074E430 /* Project object */ = {
			isa = PBXProject;
			attributes = {
				LastSwiftUpdateCheck = 0810;
				LastUpgradeCheck = 0810;
				ORGANIZATIONNAME = "Alexandra Lifa";
				TargetAttributes = {
					6B4D1FDD1EBD0F120074E430 = {
						CreatedOnToolsVersion = 8.1;
						DevelopmentTeam = 2N8B9ZL63N;
						ProvisioningStyle = Automatic;
					};
					6B4D1FF11EBD0F140074E430 = {
						CreatedOnToolsVersion = 8.1;
						DevelopmentTeam = 2N8B9ZL63N;
						ProvisioningStyle = Automatic;
						TestTargetID = 6B4D1FDD1EBD0F120074E430;
					};
					6B4D1FFC1EBD0F140074E430 = {
						CreatedOnToolsVersion = 8.1;
						DevelopmentTeam = 2N8B9ZL63N;
						ProvisioningStyle = Automatic;
						TestTargetID = 6B4D1FDD1EBD0F120074E430;
					};
				};
			};
			buildConfigurationList = 6B4D1FD91EBD0F120074E430 /* Build configuration list for PBXProject "ArcGISRuntimeRD" */;
			compatibilityVersion = "Xcode 3.2";
			developmentRegion = English;
			hasScannedForEncodings = 0;
			knownRegions = (
				en,
				Base,
			);
			mainGroup = 6B4D1FD51EBD0F120074E430;
			productRefGroup = 6B4D1FDF1EBD0F130074E430 /* Products */;
			projectDirPath = "";
			projectRoot = "";
			targets = (
				6B4D1FDD1EBD0F120074E430 /* ArcGISRuntimeRD */,
				6B4D1FF11EBD0F140074E430 /* ArcGISRuntimeRDTests */,
				6B4D1FFC1EBD0F140074E430 /* ArcGISRuntimeRDUITests */,
			);
		};
/* End PBXProject section */

/* Begin PBXResourcesBuildPhase section */
		6B4D1FDC1EBD0F120074E430 /* Resources */ = {
			isa = PBXResourcesBuildPhase;
			buildActionMask = 2147483647;
			files = (
				6B4D1FEC1EBD0F130074E430 /* LaunchScreen.storyboard in Resources */,
				6B4D1FE91EBD0F130074E430 /* Assets.xcassets in Resources */,
				6B1BF7B91EBD18FA009E3888 /* ArcGIS.bundle in Resources */,
				6B4D1FE71EBD0F130074E430 /* Main.storyboard in Resources */,
			);
			runOnlyForDeploymentPostprocessing = 0;
		};
		6B4D1FF01EBD0F140074E430 /* Resources */ = {
			isa = PBXResourcesBuildPhase;
			buildActionMask = 2147483647;
			files = (
			);
			runOnlyForDeploymentPostprocessing = 0;
		};
		6B4D1FFB1EBD0F140074E430 /* Resources */ = {
			isa = PBXResourcesBuildPhase;
			buildActionMask = 2147483647;
			files = (
			);
			runOnlyForDeploymentPostprocessing = 0;
		};
/* End PBXResourcesBuildPhase section */

/* Begin PBXShellScriptBuildPhase section */
		03459F690353B767B5A2AA63 /* [CP] Copy Pods Resources */ = {
			isa = PBXShellScriptBuildPhase;
			buildActionMask = 2147483647;
			files = (
			);
			inputPaths = (
			);
			name = "[CP] Copy Pods Resources";
			outputPaths = (
			);
			runOnlyForDeploymentPostprocessing = 0;
			shellPath = /bin/sh;
			shellScript = "\"${SRCROOT}/Pods/Target Support Files/Pods-ArcGISRuntimeRD/Pods-ArcGISRuntimeRD-resources.sh\"\n";
			showEnvVarsInLog = 0;
		};
		18697210351B880C663422D0 /* [CP] Embed Pods Frameworks */ = {
			isa = PBXShellScriptBuildPhase;
			buildActionMask = 2147483647;
			files = (
			);
			inputPaths = (
			);
			name = "[CP] Embed Pods Frameworks";
			outputPaths = (
			);
			runOnlyForDeploymentPostprocessing = 0;
			shellPath = /bin/sh;
			shellScript = "\"${SRCROOT}/Pods/Target Support Files/Pods-ArcGISRuntimeRD/Pods-ArcGISRuntimeRD-frameworks.sh\"\n";
			showEnvVarsInLog = 0;
		};
		690DE3164DE2441DCFE83E9E /* [CP] Embed Pods Frameworks */ = {
			isa = PBXShellScriptBuildPhase;
			buildActionMask = 2147483647;
			files = (
			);
			inputPaths = (
			);
			name = "[CP] Embed Pods Frameworks";
			outputPaths = (
			);
			runOnlyForDeploymentPostprocessing = 0;
			shellPath = /bin/sh;
			shellScript = "\"${SRCROOT}/Pods/Target Support Files/Pods-ArcGISRuntimeRDTests/Pods-ArcGISRuntimeRDTests-frameworks.sh\"\n";
			showEnvVarsInLog = 0;
		};
		72C3B3516C323EBB0B2AF672 /* [CP] Copy Pods Resources */ = {
			isa = PBXShellScriptBuildPhase;
			buildActionMask = 2147483647;
			files = (
			);
			inputPaths = (
			);
			name = "[CP] Copy Pods Resources";
			outputPaths = (
			);
			runOnlyForDeploymentPostprocessing = 0;
			shellPath = /bin/sh;
			shellScript = "\"${SRCROOT}/Pods/Target Support Files/Pods-ArcGISRuntimeRDUITests/Pods-ArcGISRuntimeRDUITests-resources.sh\"\n";
			showEnvVarsInLog = 0;
		};
		81F281B2F485A6CD003E95CF /* [CP] Check Pods Manifest.lock */ = {
			isa = PBXShellScriptBuildPhase;
			buildActionMask = 2147483647;
			files = (
			);
			inputPaths = (
			);
			name = "[CP] Check Pods Manifest.lock";
			outputPaths = (
			);
			runOnlyForDeploymentPostprocessing = 0;
			shellPath = /bin/sh;
			shellScript = "diff \"${PODS_PODFILE_DIR_PATH}/Podfile.lock\" \"${PODS_ROOT}/Manifest.lock\" > /dev/null\nif [ $? != 0 ] ; then\n    # print error to STDERR\n    echo \"error: The sandbox is not in sync with the Podfile.lock. Run 'pod install' or update your CocoaPods installation.\" >&2\n    exit 1\nfi\n";
			showEnvVarsInLog = 0;
		};
		940B6776ECC3B0580BE132F6 /* [CP] Embed Pods Frameworks */ = {
			isa = PBXShellScriptBuildPhase;
			buildActionMask = 2147483647;
			files = (
			);
			inputPaths = (
			);
			name = "[CP] Embed Pods Frameworks";
			outputPaths = (
			);
			runOnlyForDeploymentPostprocessing = 0;
			shellPath = /bin/sh;
			shellScript = "\"${SRCROOT}/Pods/Target Support Files/Pods-ArcGISRuntimeRDUITests/Pods-ArcGISRuntimeRDUITests-frameworks.sh\"\n";
			showEnvVarsInLog = 0;
		};
		ABE14E2D6687C4E091465D43 /* [CP] Check Pods Manifest.lock */ = {
			isa = PBXShellScriptBuildPhase;
			buildActionMask = 2147483647;
			files = (
			);
			inputPaths = (
			);
			name = "[CP] Check Pods Manifest.lock";
			outputPaths = (
			);
			runOnlyForDeploymentPostprocessing = 0;
			shellPath = /bin/sh;
			shellScript = "diff \"${PODS_PODFILE_DIR_PATH}/Podfile.lock\" \"${PODS_ROOT}/Manifest.lock\" > /dev/null\nif [ $? != 0 ] ; then\n    # print error to STDERR\n    echo \"error: The sandbox is not in sync with the Podfile.lock. Run 'pod install' or update your CocoaPods installation.\" >&2\n    exit 1\nfi\n";
			showEnvVarsInLog = 0;
		};
		C452B8860482C5711E34B995 /* [CP] Copy Pods Resources */ = {
			isa = PBXShellScriptBuildPhase;
			buildActionMask = 2147483647;
			files = (
			);
			inputPaths = (
			);
			name = "[CP] Copy Pods Resources";
			outputPaths = (
			);
			runOnlyForDeploymentPostprocessing = 0;
			shellPath = /bin/sh;
			shellScript = "\"${SRCROOT}/Pods/Target Support Files/Pods-ArcGISRuntimeRDTests/Pods-ArcGISRuntimeRDTests-resources.sh\"\n";
			showEnvVarsInLog = 0;
		};
		DBBA718C1BBB7B78F90911E3 /* [CP] Check Pods Manifest.lock */ = {
			isa = PBXShellScriptBuildPhase;
			buildActionMask = 2147483647;
			files = (
			);
			inputPaths = (
			);
			name = "[CP] Check Pods Manifest.lock";
			outputPaths = (
			);
			runOnlyForDeploymentPostprocessing = 0;
			shellPath = /bin/sh;
			shellScript = "diff \"${PODS_PODFILE_DIR_PATH}/Podfile.lock\" \"${PODS_ROOT}/Manifest.lock\" > /dev/null\nif [ $? != 0 ] ; then\n    # print error to STDERR\n    echo \"error: The sandbox is not in sync with the Podfile.lock. Run 'pod install' or update your CocoaPods installation.\" >&2\n    exit 1\nfi\n";
			showEnvVarsInLog = 0;
		};
/* End PBXShellScriptBuildPhase section */

/* Begin PBXSourcesBuildPhase section */
		6B4D1FDA1EBD0F120074E430 /* Sources */ = {
			isa = PBXSourcesBuildPhase;
			buildActionMask = 2147483647;
			files = (
				6B4D1FE41EBD0F130074E430 /* ViewController.swift in Sources */,
				6B4D1FE21EBD0F130074E430 /* AppDelegate.swift in Sources */,
			);
			runOnlyForDeploymentPostprocessing = 0;
		};
		6B4D1FEE1EBD0F140074E430 /* Sources */ = {
			isa = PBXSourcesBuildPhase;
			buildActionMask = 2147483647;
			files = (
				6B4D1FF71EBD0F140074E430 /* ArcGISRuntimeRDTests.swift in Sources */,
			);
			runOnlyForDeploymentPostprocessing = 0;
		};
		6B4D1FF91EBD0F140074E430 /* Sources */ = {
			isa = PBXSourcesBuildPhase;
			buildActionMask = 2147483647;
			files = (
				6B4D20021EBD0F140074E430 /* ArcGISRuntimeRDUITests.swift in Sources */,
			);
			runOnlyForDeploymentPostprocessing = 0;
		};
/* End PBXSourcesBuildPhase section */

/* Begin PBXTargetDependency section */
		6B4D1FF41EBD0F140074E430 /* PBXTargetDependency */ = {
			isa = PBXTargetDependency;
			target = 6B4D1FDD1EBD0F120074E430 /* ArcGISRuntimeRD */;
			targetProxy = 6B4D1FF31EBD0F140074E430 /* PBXContainerItemProxy */;
		};
		6B4D1FFF1EBD0F140074E430 /* PBXTargetDependency */ = {
			isa = PBXTargetDependency;
			target = 6B4D1FDD1EBD0F120074E430 /* ArcGISRuntimeRD */;
			targetProxy = 6B4D1FFE1EBD0F140074E430 /* PBXContainerItemProxy */;
		};
/* End PBXTargetDependency section */

/* Begin PBXVariantGroup section */
		6B4D1FE51EBD0F130074E430 /* Main.storyboard */ = {
			isa = PBXVariantGroup;
			children = (
				6B4D1FE61EBD0F130074E430 /* Base */,
			);
			name = Main.storyboard;
			sourceTree = "<group>";
		};
		6B4D1FEA1EBD0F130074E430 /* LaunchScreen.storyboard */ = {
			isa = PBXVariantGroup;
			children = (
				6B4D1FEB1EBD0F130074E430 /* Base */,
			);
			name = LaunchScreen.storyboard;
			sourceTree = "<group>";
		};
/* End PBXVariantGroup section */

/* Begin XCBuildConfiguration section */
		6B4D20041EBD0F140074E430 /* Debug */ = {
			isa = XCBuildConfiguration;
			buildSettings = {
				ALWAYS_SEARCH_USER_PATHS = NO;
				CLANG_ANALYZER_NONNULL = YES;
				CLANG_CXX_LANGUAGE_STANDARD = "gnu++0x";
				CLANG_CXX_LIBRARY = "libc++";
				CLANG_ENABLE_MODULES = YES;
				CLANG_ENABLE_OBJC_ARC = YES;
				CLANG_WARN_BOOL_CONVERSION = YES;
				CLANG_WARN_CONSTANT_CONVERSION = YES;
				CLANG_WARN_DIRECT_OBJC_ISA_USAGE = YES_ERROR;
				CLANG_WARN_DOCUMENTATION_COMMENTS = YES;
				CLANG_WARN_EMPTY_BODY = YES;
				CLANG_WARN_ENUM_CONVERSION = YES;
				CLANG_WARN_INFINITE_RECURSION = YES;
				CLANG_WARN_INT_CONVERSION = YES;
				CLANG_WARN_OBJC_ROOT_CLASS = YES_ERROR;
				CLANG_WARN_SUSPICIOUS_MOVES = YES;
				CLANG_WARN_UNREACHABLE_CODE = YES;
				CLANG_WARN__DUPLICATE_METHOD_MATCH = YES;
				"CODE_SIGN_IDENTITY[sdk=iphoneos*]" = "iPhone Developer";
				COPY_PHASE_STRIP = NO;
				DEBUG_INFORMATION_FORMAT = dwarf;
				ENABLE_STRICT_OBJC_MSGSEND = YES;
				ENABLE_TESTABILITY = YES;
				GCC_C_LANGUAGE_STANDARD = gnu99;
				GCC_DYNAMIC_NO_PIC = NO;
				GCC_NO_COMMON_BLOCKS = YES;
				GCC_OPTIMIZATION_LEVEL = 0;
				GCC_PREPROCESSOR_DEFINITIONS = (
					"DEBUG=1",
					"$(inherited)",
				);
				GCC_WARN_64_TO_32_BIT_CONVERSION = YES;
				GCC_WARN_ABOUT_RETURN_TYPE = YES_ERROR;
				GCC_WARN_UNDECLARED_SELECTOR = YES;
				GCC_WARN_UNINITIALIZED_AUTOS = YES_AGGRESSIVE;
				GCC_WARN_UNUSED_FUNCTION = YES;
				GCC_WARN_UNUSED_VARIABLE = YES;
				IPHONEOS_DEPLOYMENT_TARGET = 10.1;
				MTL_ENABLE_DEBUG_INFO = YES;
				ONLY_ACTIVE_ARCH = YES;
				SDKROOT = iphoneos;
				SWIFT_ACTIVE_COMPILATION_CONDITIONS = DEBUG;
				SWIFT_OPTIMIZATION_LEVEL = "-Onone";
				TARGETED_DEVICE_FAMILY = "1,2";
			};
			name = Debug;
		};
		6B4D20051EBD0F140074E430 /* Release */ = {
			isa = XCBuildConfiguration;
			buildSettings = {
				ALWAYS_SEARCH_USER_PATHS = NO;
				CLANG_ANALYZER_NONNULL = YES;
				CLANG_CXX_LANGUAGE_STANDARD = "gnu++0x";
				CLANG_CXX_LIBRARY = "libc++";
				CLANG_ENABLE_MODULES = YES;
				CLANG_ENABLE_OBJC_ARC = YES;
				CLANG_WARN_BOOL_CONVERSION = YES;
				CLANG_WARN_CONSTANT_CONVERSION = YES;
				CLANG_WARN_DIRECT_OBJC_ISA_USAGE = YES_ERROR;
				CLANG_WARN_DOCUMENTATION_COMMENTS = YES;
				CLANG_WARN_EMPTY_BODY = YES;
				CLANG_WARN_ENUM_CONVERSION = YES;
				CLANG_WARN_INFINITE_RECURSION = YES;
				CLANG_WARN_INT_CONVERSION = YES;
				CLANG_WARN_OBJC_ROOT_CLASS = YES_ERROR;
				CLANG_WARN_SUSPICIOUS_MOVES = YES;
				CLANG_WARN_UNREACHABLE_CODE = YES;
				CLANG_WARN__DUPLICATE_METHOD_MATCH = YES;
				"CODE_SIGN_IDENTITY[sdk=iphoneos*]" = "iPhone Developer";
				COPY_PHASE_STRIP = NO;
				DEBUG_INFORMATION_FORMAT = "dwarf-with-dsym";
				ENABLE_NS_ASSERTIONS = NO;
				ENABLE_STRICT_OBJC_MSGSEND = YES;
				GCC_C_LANGUAGE_STANDARD = gnu99;
				GCC_NO_COMMON_BLOCKS = YES;
				GCC_WARN_64_TO_32_BIT_CONVERSION = YES;
				GCC_WARN_ABOUT_RETURN_TYPE = YES_ERROR;
				GCC_WARN_UNDECLARED_SELECTOR = YES;
				GCC_WARN_UNINITIALIZED_AUTOS = YES_AGGRESSIVE;
				GCC_WARN_UNUSED_FUNCTION = YES;
				GCC_WARN_UNUSED_VARIABLE = YES;
				IPHONEOS_DEPLOYMENT_TARGET = 10.1;
				MTL_ENABLE_DEBUG_INFO = NO;
				SDKROOT = iphoneos;
				SWIFT_OPTIMIZATION_LEVEL = "-Owholemodule";
				TARGETED_DEVICE_FAMILY = "1,2";
				VALIDATE_PRODUCT = YES;
			};
			name = Release;
		};
		6B4D20071EBD0F140074E430 /* Debug */ = {
			isa = XCBuildConfiguration;
			baseConfigurationReference = 9FE9A633F3FF854890EB77CE /* Pods-ArcGISRuntimeRD.debug.xcconfig */;
			buildSettings = {
				ASSETCATALOG_COMPILER_APPICON_NAME = AppIcon;
				DEVELOPMENT_TEAM = 2N8B9ZL63N;
				INFOPLIST_FILE = ArcGISRuntimeRD/Info.plist;
				LD_RUNPATH_SEARCH_PATHS = "$(inherited) @executable_path/Frameworks";
				PRODUCT_BUNDLE_IDENTIFIER = com.AlexandraLifa.ArcGISRuntimeRD;
				PRODUCT_NAME = "$(TARGET_NAME)";
				SWIFT_VERSION = 3.0;
			};
			name = Debug;
		};
		6B4D20081EBD0F140074E430 /* Release */ = {
			isa = XCBuildConfiguration;
			baseConfigurationReference = 0F8B948B5A19FF18D5E93CF6 /* Pods-ArcGISRuntimeRD.release.xcconfig */;
			buildSettings = {
				ASSETCATALOG_COMPILER_APPICON_NAME = AppIcon;
				DEVELOPMENT_TEAM = 2N8B9ZL63N;
				INFOPLIST_FILE = ArcGISRuntimeRD/Info.plist;
				LD_RUNPATH_SEARCH_PATHS = "$(inherited) @executable_path/Frameworks";
				PRODUCT_BUNDLE_IDENTIFIER = com.AlexandraLifa.ArcGISRuntimeRD;
				PRODUCT_NAME = "$(TARGET_NAME)";
				SWIFT_VERSION = 3.0;
			};
			name = Release;
		};
		6B4D200A1EBD0F140074E430 /* Debug */ = {
			isa = XCBuildConfiguration;
			baseConfigurationReference = 3ACFB87A5EDB78847410BC97 /* Pods-ArcGISRuntimeRDTests.debug.xcconfig */;
			buildSettings = {
				ALWAYS_EMBED_SWIFT_STANDARD_LIBRARIES = YES;
				BUNDLE_LOADER = "$(TEST_HOST)";
				DEVELOPMENT_TEAM = 2N8B9ZL63N;
				INFOPLIST_FILE = ArcGISRuntimeRDTests/Info.plist;
				LD_RUNPATH_SEARCH_PATHS = "$(inherited) @executable_path/Frameworks @loader_path/Frameworks";
				PRODUCT_BUNDLE_IDENTIFIER = com.AlexandraLifa.ArcGISRuntimeRDTests;
				PRODUCT_NAME = "$(TARGET_NAME)";
				SWIFT_VERSION = 3.0;
				TEST_HOST = "$(BUILT_PRODUCTS_DIR)/ArcGISRuntimeRD.app/ArcGISRuntimeRD";
			};
			name = Debug;
		};
		6B4D200B1EBD0F140074E430 /* Release */ = {
			isa = XCBuildConfiguration;
			baseConfigurationReference = 77182BDA98F7B6D7449CE40D /* Pods-ArcGISRuntimeRDTests.release.xcconfig */;
			buildSettings = {
				ALWAYS_EMBED_SWIFT_STANDARD_LIBRARIES = YES;
				BUNDLE_LOADER = "$(TEST_HOST)";
				DEVELOPMENT_TEAM = 2N8B9ZL63N;
				INFOPLIST_FILE = ArcGISRuntimeRDTests/Info.plist;
				LD_RUNPATH_SEARCH_PATHS = "$(inherited) @executable_path/Frameworks @loader_path/Frameworks";
				PRODUCT_BUNDLE_IDENTIFIER = com.AlexandraLifa.ArcGISRuntimeRDTests;
				PRODUCT_NAME = "$(TARGET_NAME)";
				SWIFT_VERSION = 3.0;
				TEST_HOST = "$(BUILT_PRODUCTS_DIR)/ArcGISRuntimeRD.app/ArcGISRuntimeRD";
			};
			name = Release;
		};
		6B4D200D1EBD0F140074E430 /* Debug */ = {
			isa = XCBuildConfiguration;
			baseConfigurationReference = C05715C6B6FFEF2795FFF42D /* Pods-ArcGISRuntimeRDUITests.debug.xcconfig */;
			buildSettings = {
				ALWAYS_EMBED_SWIFT_STANDARD_LIBRARIES = YES;
				DEVELOPMENT_TEAM = 2N8B9ZL63N;
				INFOPLIST_FILE = ArcGISRuntimeRDUITests/Info.plist;
				LD_RUNPATH_SEARCH_PATHS = "$(inherited) @executable_path/Frameworks @loader_path/Frameworks";
				PRODUCT_BUNDLE_IDENTIFIER = com.AlexandraLifa.ArcGISRuntimeRDUITests;
				PRODUCT_NAME = "$(TARGET_NAME)";
				SWIFT_VERSION = 3.0;
				TEST_TARGET_NAME = ArcGISRuntimeRD;
			};
			name = Debug;
		};
		6B4D200E1EBD0F140074E430 /* Release */ = {
			isa = XCBuildConfiguration;
			baseConfigurationReference = ECADF9E40BBE93CFAC4F7F15 /* Pods-ArcGISRuntimeRDUITests.release.xcconfig */;
			buildSettings = {
				ALWAYS_EMBED_SWIFT_STANDARD_LIBRARIES = YES;
				DEVELOPMENT_TEAM = 2N8B9ZL63N;
				INFOPLIST_FILE = ArcGISRuntimeRDUITests/Info.plist;
				LD_RUNPATH_SEARCH_PATHS = "$(inherited) @executable_path/Frameworks @loader_path/Frameworks";
				PRODUCT_BUNDLE_IDENTIFIER = com.AlexandraLifa.ArcGISRuntimeRDUITests;
				PRODUCT_NAME = "$(TARGET_NAME)";
				SWIFT_VERSION = 3.0;
				TEST_TARGET_NAME = ArcGISRuntimeRD;
			};
			name = Release;
		};
/* End XCBuildConfiguration section */

/* Begin XCConfigurationList section */
		6B4D1FD91EBD0F120074E430 /* Build configuration list for PBXProject "ArcGISRuntimeRD" */ = {
			isa = XCConfigurationList;
			buildConfigurations = (
				6B4D20041EBD0F140074E430 /* Debug */,
				6B4D20051EBD0F140074E430 /* Release */,
			);
			defaultConfigurationIsVisible = 0;
			defaultConfigurationName = Release;
		};
		6B4D20061EBD0F140074E430 /* Build configuration list for PBXNativeTarget "ArcGISRuntimeRD" */ = {
			isa = XCConfigurationList;
			buildConfigurations = (
				6B4D20071EBD0F140074E430 /* Debug */,
				6B4D20081EBD0F140074E430 /* Release */,
			);
			defaultConfigurationIsVisible = 0;
			defaultConfigurationName = Release;
		};
		6B4D20091EBD0F140074E430 /* Build configuration list for PBXNativeTarget "ArcGISRuntimeRDTests" */ = {
			isa = XCConfigurationList;
			buildConfigurations = (
				6B4D200A1EBD0F140074E430 /* Debug */,
				6B4D200B1EBD0F140074E430 /* Release */,
			);
			defaultConfigurationIsVisible = 0;
			defaultConfigurationName = Release;
		};
		6B4D200C1EBD0F140074E430 /* Build configuration list for PBXNativeTarget "ArcGISRuntimeRDUITests" */ = {
			isa = XCConfigurationList;
			buildConfigurations = (
				6B4D200D1EBD0F140074E430 /* Debug */,
				6B4D200E1EBD0F140074E430 /* Release */,
			);
			defaultConfigurationIsVisible = 0;
			defaultConfigurationName = Release;
		};
/* End XCConfigurationList section */
	};
	rootObject = 6B4D1FD61EBD0F120074E430 /* Project object */;
}
